// !$*UTF8*$!
{
	archiveVersion = 1;
	classes = {
	};
	objectVersion = 55;
	objects = {

/* Begin PBXBuildFile section */
		5E682B952861B3C40091846F /* RickAndMortyTests.swift in Sources */ = {isa = PBXBuildFile; fileRef = 5E682B942861B3C40091846F /* RickAndMortyTests.swift */; };
		5E69E7E72858856D00146205 /* AppDelegate.swift in Sources */ = {isa = PBXBuildFile; fileRef = 5E69E7E62858856D00146205 /* AppDelegate.swift */; };
		5E69E7E92858856D00146205 /* SceneDelegate.swift in Sources */ = {isa = PBXBuildFile; fileRef = 5E69E7E82858856D00146205 /* SceneDelegate.swift */; };
		5E69E7EB2858856D00146205 /* CharactersListViewController.swift in Sources */ = {isa = PBXBuildFile; fileRef = 5E69E7EA2858856D00146205 /* CharactersListViewController.swift */; };
		5E69E7EE2858856D00146205 /* Main.storyboard in Resources */ = {isa = PBXBuildFile; fileRef = 5E69E7EC2858856D00146205 /* Main.storyboard */; };
		5E69E7F02858856E00146205 /* Assets.xcassets in Resources */ = {isa = PBXBuildFile; fileRef = 5E69E7EF2858856E00146205 /* Assets.xcassets */; };
		5E69E7F32858856E00146205 /* LaunchScreen.storyboard in Resources */ = {isa = PBXBuildFile; fileRef = 5E69E7F12858856E00146205 /* LaunchScreen.storyboard */; };
		5E69E8062858891800146205 /* MainModel.swift in Sources */ = {isa = PBXBuildFile; fileRef = 5E69E8052858891800146205 /* MainModel.swift */; };
		5E69E80B28588D9E00146205 /* RMBodyLabel.swift in Sources */ = {isa = PBXBuildFile; fileRef = 5E69E80A28588D9E00146205 /* RMBodyLabel.swift */; };
		5E69E80D28588F4900146205 /* RMTitleLabel.swift in Sources */ = {isa = PBXBuildFile; fileRef = 5E69E80C28588F4900146205 /* RMTitleLabel.swift */; };
		5E69E8102858907000146205 /* RMSecondaryTitleLabel.swift in Sources */ = {isa = PBXBuildFile; fileRef = 5E69E80F2858907000146205 /* RMSecondaryTitleLabel.swift */; };
		5E69E812285891B300146205 /* RMItemInfoView.swift in Sources */ = {isa = PBXBuildFile; fileRef = 5E69E811285891B300146205 /* RMItemInfoView.swift */; };
		5E69E8142858920200146205 /* RMAvatarImageView.swift in Sources */ = {isa = PBXBuildFile; fileRef = 5E69E8132858920200146205 /* RMAvatarImageView.swift */; };
		5E69E816285892F600146205 /* Constants.swift in Sources */ = {isa = PBXBuildFile; fileRef = 5E69E815285892F600146205 /* Constants.swift */; };
		5E69E819285895C200146205 /* RMButton.swift in Sources */ = {isa = PBXBuildFile; fileRef = 5E69E818285895C200146205 /* RMButton.swift */; };
		5E69E81E2858986E00146205 /* RMDataLoadingVC.swift in Sources */ = {isa = PBXBuildFile; fileRef = 5E69E81D2858986E00146205 /* RMDataLoadingVC.swift */; };
		5E69E82028589BE500146205 /* RMEmptyStateView.swift in Sources */ = {isa = PBXBuildFile; fileRef = 5E69E81F28589BE500146205 /* RMEmptyStateView.swift */; };
		5E69E82A2859019C00146205 /* DitailCharactersVC.swift in Sources */ = {isa = PBXBuildFile; fileRef = 5E69E8292859019C00146205 /* DitailCharactersVC.swift */; };
		5E69E82D285902E200146205 /* MainViewPresentor.swift in Sources */ = {isa = PBXBuildFile; fileRef = 5E69E82C285902E200146205 /* MainViewPresentor.swift */; };
		5E69E82F2859035300146205 /* NetworkManager.swift in Sources */ = {isa = PBXBuildFile; fileRef = 5E69E82E2859035300146205 /* NetworkManager.swift */; };
		5E69E832285904E200146205 /* Coordinator.swift in Sources */ = {isa = PBXBuildFile; fileRef = 5E69E831285904E200146205 /* Coordinator.swift */; };
		5E69E8342859050600146205 /* AppCoordinator.swift in Sources */ = {isa = PBXBuildFile; fileRef = 5E69E8332859050500146205 /* AppCoordinator.swift */; };
		5E69E8362859054A00146205 /* MainCoordinator.swift in Sources */ = {isa = PBXBuildFile; fileRef = 5E69E8352859054A00146205 /* MainCoordinator.swift */; };
		5E69E839285905A300146205 /* Assembly.swift in Sources */ = {isa = PBXBuildFile; fileRef = 5E69E838285905A300146205 /* Assembly.swift */; };
		5E69E83B285906FC00146205 /* DeteilsViewPresentor.swift in Sources */ = {isa = PBXBuildFile; fileRef = 5E69E83A285906FC00146205 /* DeteilsViewPresentor.swift */; };
		5EC2B88428649B09005ACB95 /* DitailModel.swift in Sources */ = {isa = PBXBuildFile; fileRef = 5EC2B88328649B09005ACB95 /* DitailModel.swift */; };
		5EF9B8C52859241E00911484 /* RMErrors.swift in Sources */ = {isa = PBXBuildFile; fileRef = 5EF9B8C42859241E00911484 /* RMErrors.swift */; };
		5EF9B8C928592D4000911484 /* RMAlertConteinerView.swift in Sources */ = {isa = PBXBuildFile; fileRef = 5EF9B8C828592D4000911484 /* RMAlertConteinerView.swift */; };
		5EF9B8CB28592DAE00911484 /* RMAlertViewController.swift in Sources */ = {isa = PBXBuildFile; fileRef = 5EF9B8CA28592DAE00911484 /* RMAlertViewController.swift */; };
		5EF9B8CE285938B900911484 /* ExtentionViewController.swift in Sources */ = {isa = PBXBuildFile; fileRef = 5EF9B8CD285938B900911484 /* ExtentionViewController.swift */; };
		5EF9B8D02859441E00911484 /* UIHelper.swift in Sources */ = {isa = PBXBuildFile; fileRef = 5EF9B8CF2859441E00911484 /* UIHelper.swift */; };
		5EF9B8D2285944FC00911484 /* CharacterCell.swift in Sources */ = {isa = PBXBuildFile; fileRef = 5EF9B8D1285944FC00911484 /* CharacterCell.swift */; };
/* End PBXBuildFile section */

/* Begin PBXContainerItemProxy section */
		5E682B962861B3C40091846F /* PBXContainerItemProxy */ = {
			isa = PBXContainerItemProxy;
			containerPortal = 5E69E7DB2858856D00146205 /* Project object */;
			proxyType = 1;
			remoteGlobalIDString = 5E69E7E22858856D00146205;
			remoteInfo = RickAndMorty;
		};
/* End PBXContainerItemProxy section */

/* Begin PBXFileReference section */
		5E682B922861B3C40091846F /* RickAndMortyTests.xctest */ = {isa = PBXFileReference; explicitFileType = wrapper.cfbundle; includeInIndex = 0; path = RickAndMortyTests.xctest; sourceTree = BUILT_PRODUCTS_DIR; };
		5E682B942861B3C40091846F /* RickAndMortyTests.swift */ = {isa = PBXFileReference; lastKnownFileType = sourcecode.swift; path = RickAndMortyTests.swift; sourceTree = "<group>"; };
		5E69E7E32858856D00146205 /* RickAndMorty.app */ = {isa = PBXFileReference; explicitFileType = wrapper.application; includeInIndex = 0; path = RickAndMorty.app; sourceTree = BUILT_PRODUCTS_DIR; };
		5E69E7E62858856D00146205 /* AppDelegate.swift */ = {isa = PBXFileReference; lastKnownFileType = sourcecode.swift; path = AppDelegate.swift; sourceTree = "<group>"; };
		5E69E7E82858856D00146205 /* SceneDelegate.swift */ = {isa = PBXFileReference; lastKnownFileType = sourcecode.swift; path = SceneDelegate.swift; sourceTree = "<group>"; };
		5E69E7EA2858856D00146205 /* CharactersListViewController.swift */ = {isa = PBXFileReference; lastKnownFileType = sourcecode.swift; path = CharactersListViewController.swift; sourceTree = "<group>"; };
		5E69E7ED2858856D00146205 /* Base */ = {isa = PBXFileReference; lastKnownFileType = file.storyboard; name = Base; path = Base.lproj/Main.storyboard; sourceTree = "<group>"; };
		5E69E7EF2858856E00146205 /* Assets.xcassets */ = {isa = PBXFileReference; lastKnownFileType = folder.assetcatalog; path = Assets.xcassets; sourceTree = "<group>"; };
		5E69E7F22858856E00146205 /* Base */ = {isa = PBXFileReference; lastKnownFileType = file.storyboard; name = Base; path = Base.lproj/LaunchScreen.storyboard; sourceTree = "<group>"; };
		5E69E7F42858856E00146205 /* Info.plist */ = {isa = PBXFileReference; lastKnownFileType = text.plist.xml; path = Info.plist; sourceTree = "<group>"; };
		5E69E8052858891800146205 /* MainModel.swift */ = {isa = PBXFileReference; lastKnownFileType = sourcecode.swift; path = MainModel.swift; sourceTree = "<group>"; };
		5E69E80A28588D9E00146205 /* RMBodyLabel.swift */ = {isa = PBXFileReference; lastKnownFileType = sourcecode.swift; path = RMBodyLabel.swift; sourceTree = "<group>"; };
		5E69E80C28588F4900146205 /* RMTitleLabel.swift */ = {isa = PBXFileReference; lastKnownFileType = sourcecode.swift; path = RMTitleLabel.swift; sourceTree = "<group>"; };
		5E69E80F2858907000146205 /* RMSecondaryTitleLabel.swift */ = {isa = PBXFileReference; lastKnownFileType = sourcecode.swift; path = RMSecondaryTitleLabel.swift; sourceTree = "<group>"; };
		5E69E811285891B300146205 /* RMItemInfoView.swift */ = {isa = PBXFileReference; lastKnownFileType = sourcecode.swift; path = RMItemInfoView.swift; sourceTree = "<group>"; };
		5E69E8132858920200146205 /* RMAvatarImageView.swift */ = {isa = PBXFileReference; lastKnownFileType = sourcecode.swift; path = RMAvatarImageView.swift; sourceTree = "<group>"; };
		5E69E815285892F600146205 /* Constants.swift */ = {isa = PBXFileReference; lastKnownFileType = sourcecode.swift; path = Constants.swift; sourceTree = "<group>"; };
		5E69E818285895C200146205 /* RMButton.swift */ = {isa = PBXFileReference; lastKnownFileType = sourcecode.swift; path = RMButton.swift; sourceTree = "<group>"; };
		5E69E81D2858986E00146205 /* RMDataLoadingVC.swift */ = {isa = PBXFileReference; lastKnownFileType = sourcecode.swift; path = RMDataLoadingVC.swift; sourceTree = "<group>"; };
		5E69E81F28589BE500146205 /* RMEmptyStateView.swift */ = {isa = PBXFileReference; lastKnownFileType = sourcecode.swift; path = RMEmptyStateView.swift; sourceTree = "<group>"; };
		5E69E8292859019C00146205 /* DitailCharactersVC.swift */ = {isa = PBXFileReference; lastKnownFileType = sourcecode.swift; path = DitailCharactersVC.swift; sourceTree = "<group>"; };
		5E69E82C285902E200146205 /* MainViewPresentor.swift */ = {isa = PBXFileReference; lastKnownFileType = sourcecode.swift; path = MainViewPresentor.swift; sourceTree = "<group>"; };
		5E69E82E2859035300146205 /* NetworkManager.swift */ = {isa = PBXFileReference; lastKnownFileType = sourcecode.swift; path = NetworkManager.swift; sourceTree = "<group>"; };
		5E69E831285904E200146205 /* Coordinator.swift */ = {isa = PBXFileReference; lastKnownFileType = sourcecode.swift; path = Coordinator.swift; sourceTree = "<group>"; };
		5E69E8332859050500146205 /* AppCoordinator.swift */ = {isa = PBXFileReference; lastKnownFileType = sourcecode.swift; path = AppCoordinator.swift; sourceTree = "<group>"; };
		5E69E8352859054A00146205 /* MainCoordinator.swift */ = {isa = PBXFileReference; lastKnownFileType = sourcecode.swift; path = MainCoordinator.swift; sourceTree = "<group>"; };
		5E69E838285905A300146205 /* Assembly.swift */ = {isa = PBXFileReference; lastKnownFileType = sourcecode.swift; path = Assembly.swift; sourceTree = "<group>"; };
		5E69E83A285906FC00146205 /* DeteilsViewPresentor.swift */ = {isa = PBXFileReference; lastKnownFileType = sourcecode.swift; path = DeteilsViewPresentor.swift; sourceTree = "<group>"; };
		5EC2B88328649B09005ACB95 /* DitailModel.swift */ = {isa = PBXFileReference; lastKnownFileType = sourcecode.swift; path = DitailModel.swift; sourceTree = "<group>"; };
		5EF9B8C42859241E00911484 /* RMErrors.swift */ = {isa = PBXFileReference; lastKnownFileType = sourcecode.swift; path = RMErrors.swift; sourceTree = "<group>"; };
		5EF9B8C828592D4000911484 /* RMAlertConteinerView.swift */ = {isa = PBXFileReference; lastKnownFileType = sourcecode.swift; path = RMAlertConteinerView.swift; sourceTree = "<group>"; };
		5EF9B8CA28592DAE00911484 /* RMAlertViewController.swift */ = {isa = PBXFileReference; lastKnownFileType = sourcecode.swift; path = RMAlertViewController.swift; sourceTree = "<group>"; };
		5EF9B8CD285938B900911484 /* ExtentionViewController.swift */ = {isa = PBXFileReference; lastKnownFileType = sourcecode.swift; path = ExtentionViewController.swift; sourceTree = "<group>"; };
		5EF9B8CF2859441E00911484 /* UIHelper.swift */ = {isa = PBXFileReference; lastKnownFileType = sourcecode.swift; path = UIHelper.swift; sourceTree = "<group>"; };
		5EF9B8D1285944FC00911484 /* CharacterCell.swift */ = {isa = PBXFileReference; lastKnownFileType = sourcecode.swift; path = CharacterCell.swift; sourceTree = "<group>"; };
/* End PBXFileReference section */

/* Begin PBXFrameworksBuildPhase section */
		5E682B8F2861B3C40091846F /* Frameworks */ = {
			isa = PBXFrameworksBuildPhase;
			buildActionMask = 2147483647;
			files = (
			);
			runOnlyForDeploymentPostprocessing = 0;
		};
		5E69E7E02858856D00146205 /* Frameworks */ = {
			isa = PBXFrameworksBuildPhase;
			buildActionMask = 2147483647;
			files = (
			);
			runOnlyForDeploymentPostprocessing = 0;
		};
/* End PBXFrameworksBuildPhase section */

/* Begin PBXGroup section */
		5E682B932861B3C40091846F /* RickAndMortyTests */ = {
			isa = PBXGroup;
			children = (
				5E682B942861B3C40091846F /* RickAndMortyTests.swift */,
			);
			path = RickAndMortyTests;
			sourceTree = "<group>";
		};
		5E69E7DA2858856D00146205 = {
			isa = PBXGroup;
			children = (
				5E69E7E52858856D00146205 /* RickAndMorty */,
				5E682B932861B3C40091846F /* RickAndMortyTests */,
				5E69E7E42858856D00146205 /* Products */,
			);
			sourceTree = "<group>";
		};
		5E69E7E42858856D00146205 /* Products */ = {
			isa = PBXGroup;
			children = (
				5E69E7E32858856D00146205 /* RickAndMorty.app */,
				5E682B922861B3C40091846F /* RickAndMortyTests.xctest */,
			);
			name = Products;
			sourceTree = "<group>";
		};
		5E69E7E52858856D00146205 /* RickAndMorty */ = {
			isa = PBXGroup;
			children = (
				5E69E7FD2858864B00146205 /* Source */,
				5E69E7FC2858863C00146205 /* Resource */,
				5E69E7F42858856E00146205 /* Info.plist */,
			);
			path = RickAndMorty;
			sourceTree = "<group>";
		};
		5E69E7FA2858862100146205 /* Storyboards */ = {
			isa = PBXGroup;
			children = (
				5E69E7EC2858856D00146205 /* Main.storyboard */,
				5E69E7F12858856E00146205 /* LaunchScreen.storyboard */,
			);
			path = Storyboards;
			sourceTree = "<group>";
		};
		5E69E7FB2858863000146205 /* App */ = {
			isa = PBXGroup;
			children = (
				5E69E7E62858856D00146205 /* AppDelegate.swift */,
				5E69E7E82858856D00146205 /* SceneDelegate.swift */,
			);
			path = App;
			sourceTree = "<group>";
		};
		5E69E7FC2858863C00146205 /* Resource */ = {
			isa = PBXGroup;
			children = (
				5E69E7EF2858856E00146205 /* Assets.xcassets */,
				5E69E7FA2858862100146205 /* Storyboards */,
			);
			path = Resource;
			sourceTree = "<group>";
		};
		5E69E7FD2858864B00146205 /* Source */ = {
			isa = PBXGroup;
			children = (
				5EF9B8CC2859388F00911484 /* Extentions */,
				5EF9B8C32859238800911484 /* Managers */,
				5E69E8372859057D00146205 /* Assembly */,
				5E69E830285904CE00146205 /* Coordinator */,
				5E69E7FB2858863000146205 /* App */,
				5E69E82B2859021300146205 /* Utilities */,
				5E69E80928588D6D00146205 /* CustomUIElements */,
				5E69E80828588D4F00146205 /* Screens */,
			);
			path = Source;
			sourceTree = "<group>";
		};
		5E69E80828588D4F00146205 /* Screens */ = {
			isa = PBXGroup;
			children = (
				5E69E8212858FF9D00146205 /* MainModule */,
				5E69E8222858FFD400146205 /* DitailModule */,
			);
			path = Screens;
			sourceTree = "<group>";
		};
		5E69E80928588D6D00146205 /* CustomUIElements */ = {
			isa = PBXGroup;
			children = (
				5E69E81C2858983E00146205 /* Controllers */,
				5E69E81A285897EA00146205 /* Buttons */,
				5E69E8172858958600146205 /* ImageViews */,
				5E69E80E2858904300146205 /* Labels */,
				5E69E81B2858980800146205 /* Views */,
			);
			path = CustomUIElements;
			sourceTree = "<group>";
		};
		5E69E80E2858904300146205 /* Labels */ = {
			isa = PBXGroup;
			children = (
				5E69E80C28588F4900146205 /* RMTitleLabel.swift */,
				5E69E80A28588D9E00146205 /* RMBodyLabel.swift */,
				5E69E80F2858907000146205 /* RMSecondaryTitleLabel.swift */,
			);
			path = Labels;
			sourceTree = "<group>";
		};
		5E69E8172858958600146205 /* ImageViews */ = {
			isa = PBXGroup;
			children = (
				5E69E8132858920200146205 /* RMAvatarImageView.swift */,
			);
			path = ImageViews;
			sourceTree = "<group>";
		};
		5E69E81A285897EA00146205 /* Buttons */ = {
			isa = PBXGroup;
			children = (
				5E69E818285895C200146205 /* RMButton.swift */,
			);
			path = Buttons;
			sourceTree = "<group>";
		};
		5E69E81B2858980800146205 /* Views */ = {
			isa = PBXGroup;
			children = (
				5E69E811285891B300146205 /* RMItemInfoView.swift */,
				5E69E81F28589BE500146205 /* RMEmptyStateView.swift */,
				5EF9B8C828592D4000911484 /* RMAlertConteinerView.swift */,
			);
			path = Views;
			sourceTree = "<group>";
		};
		5E69E81C2858983E00146205 /* Controllers */ = {
			isa = PBXGroup;
			children = (
				5E69E81D2858986E00146205 /* RMDataLoadingVC.swift */,
				5EF9B8CA28592DAE00911484 /* RMAlertViewController.swift */,
			);
			path = Controllers;
			sourceTree = "<group>";
		};
		5E69E8212858FF9D00146205 /* MainModule */ = {
			isa = PBXGroup;
			children = (
				5E69E8252859005000146205 /* Model */,
				5E69E8232859003800146205 /* View */,
				5E69E8242859004200146205 /* Presenter */,
			);
			path = MainModule;
			sourceTree = "<group>";
		};
		5E69E8222858FFD400146205 /* DitailModule */ = {
			isa = PBXGroup;
			children = (
				5E69E8262859006000146205 /* Model */,
				5E69E8272859006700146205 /* View */,
				5E69E8282859006D00146205 /* Presenter */,
			);
			path = DitailModule;
			sourceTree = "<group>";
		};
		5E69E8232859003800146205 /* View */ = {
			isa = PBXGroup;
			children = (
				5E69E7EA2858856D00146205 /* CharactersListViewController.swift */,
				5EF9B8D32859460C00911484 /* Cells */,
			);
			path = View;
			sourceTree = "<group>";
		};
		5E69E8242859004200146205 /* Presenter */ = {
			isa = PBXGroup;
			children = (
				5E69E82C285902E200146205 /* MainViewPresentor.swift */,
			);
			path = Presenter;
			sourceTree = "<group>";
		};
		5E69E8252859005000146205 /* Model */ = {
			isa = PBXGroup;
			children = (
				5E69E8052858891800146205 /* MainModel.swift */,
			);
			path = Model;
			sourceTree = "<group>";
		};
		5E69E8262859006000146205 /* Model */ = {
			isa = PBXGroup;
			children = (
				5EC2B88328649B09005ACB95 /* DitailModel.swift */,
			);
			path = Model;
			sourceTree = "<group>";
		};
		5E69E8272859006700146205 /* View */ = {
			isa = PBXGroup;
			children = (
				5E69E8292859019C00146205 /* DitailCharactersVC.swift */,
			);
			path = View;
			sourceTree = "<group>";
		};
		5E69E8282859006D00146205 /* Presenter */ = {
			isa = PBXGroup;
			children = (
				5E69E83A285906FC00146205 /* DeteilsViewPresentor.swift */,
			);
			path = Presenter;
			sourceTree = "<group>";
		};
		5E69E82B2859021300146205 /* Utilities */ = {
			isa = PBXGroup;
			children = (
				5EF9B8CF2859441E00911484 /* UIHelper.swift */,
				5E69E815285892F600146205 /* Constants.swift */,
				5EF9B8C42859241E00911484 /* RMErrors.swift */,
			);
			path = Utilities;
			sourceTree = "<group>";
		};
		5E69E830285904CE00146205 /* Coordinator */ = {
			isa = PBXGroup;
			children = (
				5E69E831285904E200146205 /* Coordinator.swift */,
				5E69E8332859050500146205 /* AppCoordinator.swift */,
				5E69E8352859054A00146205 /* MainCoordinator.swift */,
			);
			path = Coordinator;
			sourceTree = "<group>";
		};
		5E69E8372859057D00146205 /* Assembly */ = {
			isa = PBXGroup;
			children = (
				5E69E838285905A300146205 /* Assembly.swift */,
			);
			path = Assembly;
			sourceTree = "<group>";
		};
		5EF9B8C22859234700911484 /* NetworkManager */ = {
			isa = PBXGroup;
			children = (
				5E69E82E2859035300146205 /* NetworkManager.swift */,
			);
			path = NetworkManager;
			sourceTree = "<group>";
		};
		5EF9B8C32859238800911484 /* Managers */ = {
			isa = PBXGroup;
			children = (
				5EF9B8C22859234700911484 /* NetworkManager */,
			);
			path = Managers;
			sourceTree = "<group>";
		};
		5EF9B8CC2859388F00911484 /* Extentions */ = {
			isa = PBXGroup;
			children = (
				5EF9B8CD285938B900911484 /* ExtentionViewController.swift */,
			);
			path = Extentions;
			sourceTree = "<group>";
		};
		5EF9B8D32859460C00911484 /* Cells */ = {
			isa = PBXGroup;
			children = (
				5EF9B8D1285944FC00911484 /* CharacterCell.swift */,
			);
			path = Cells;
			sourceTree = "<group>";
		};
/* End PBXGroup section */

/* Begin PBXNativeTarget section */
		5E682B912861B3C40091846F /* RickAndMortyTests */ = {
			isa = PBXNativeTarget;
			buildConfigurationList = 5E682B982861B3C40091846F /* Build configuration list for PBXNativeTarget "RickAndMortyTests" */;
			buildPhases = (
				5E682B8E2861B3C40091846F /* Sources */,
				5E682B8F2861B3C40091846F /* Frameworks */,
				5E682B902861B3C40091846F /* Resources */,
			);
			buildRules = (
			);
			dependencies = (
				5E682B972861B3C40091846F /* PBXTargetDependency */,
			);
			name = RickAndMortyTests;
			productName = RickAndMortyTests;
			productReference = 5E682B922861B3C40091846F /* RickAndMortyTests.xctest */;
			productType = "com.apple.product-type.bundle.unit-test";
		};
		5E69E7E22858856D00146205 /* RickAndMorty */ = {
			isa = PBXNativeTarget;
			buildConfigurationList = 5E69E7F72858856E00146205 /* Build configuration list for PBXNativeTarget "RickAndMorty" */;
			buildPhases = (
				5E69E7DF2858856D00146205 /* Sources */,
				5E69E7E02858856D00146205 /* Frameworks */,
				5E69E7E12858856D00146205 /* Resources */,
			);
			buildRules = (
			);
			dependencies = (
			);
			name = RickAndMorty;
			productName = RickAndMorty;
			productReference = 5E69E7E32858856D00146205 /* RickAndMorty.app */;
			productType = "com.apple.product-type.application";
		};
/* End PBXNativeTarget section */

/* Begin PBXProject section */
		5E69E7DB2858856D00146205 /* Project object */ = {
			isa = PBXProject;
			attributes = {
				BuildIndependentTargetsInParallel = 1;
				LastSwiftUpdateCheck = 1340;
				LastUpgradeCheck = 1340;
				TargetAttributes = {
					5E682B912861B3C40091846F = {
						CreatedOnToolsVersion = 13.4.1;
						TestTargetID = 5E69E7E22858856D00146205;
					};
					5E69E7E22858856D00146205 = {
						CreatedOnToolsVersion = 13.4.1;
					};
				};
			};
			buildConfigurationList = 5E69E7DE2858856D00146205 /* Build configuration list for PBXProject "RickAndMorty" */;
			compatibilityVersion = "Xcode 13.0";
			developmentRegion = en;
			hasScannedForEncodings = 0;
			knownRegions = (
				en,
				Base,
			);
			mainGroup = 5E69E7DA2858856D00146205;
			productRefGroup = 5E69E7E42858856D00146205 /* Products */;
			projectDirPath = "";
			projectRoot = "";
			targets = (
				5E69E7E22858856D00146205 /* RickAndMorty */,
				5E682B912861B3C40091846F /* RickAndMortyTests */,
			);
		};
/* End PBXProject section */

/* Begin PBXResourcesBuildPhase section */
		5E682B902861B3C40091846F /* Resources */ = {
			isa = PBXResourcesBuildPhase;
			buildActionMask = 2147483647;
			files = (
			);
			runOnlyForDeploymentPostprocessing = 0;
		};
		5E69E7E12858856D00146205 /* Resources */ = {
			isa = PBXResourcesBuildPhase;
			buildActionMask = 2147483647;
			files = (
				5E69E7F32858856E00146205 /* LaunchScreen.storyboard in Resources */,
				5E69E7F02858856E00146205 /* Assets.xcassets in Resources */,
				5E69E7EE2858856D00146205 /* Main.storyboard in Resources */,
			);
			runOnlyForDeploymentPostprocessing = 0;
		};
/* End PBXResourcesBuildPhase section */

/* Begin PBXSourcesBuildPhase section */
		5E682B8E2861B3C40091846F /* Sources */ = {
			isa = PBXSourcesBuildPhase;
			buildActionMask = 2147483647;
			files = (
				5E682B952861B3C40091846F /* RickAndMortyTests.swift in Sources */,
			);
			runOnlyForDeploymentPostprocessing = 0;
		};
		5E69E7DF2858856D00146205 /* Sources */ = {
			isa = PBXSourcesBuildPhase;
			buildActionMask = 2147483647;
			files = (
				5EF9B8C928592D4000911484 /* RMAlertConteinerView.swift in Sources */,
				5E69E8102858907000146205 /* RMSecondaryTitleLabel.swift in Sources */,
				5E69E839285905A300146205 /* Assembly.swift in Sources */,
				5E69E80D28588F4900146205 /* RMTitleLabel.swift in Sources */,
				5EF9B8CB28592DAE00911484 /* RMAlertViewController.swift in Sources */,
				5E69E8062858891800146205 /* MainModel.swift in Sources */,
				5E69E7EB2858856D00146205 /* CharactersListViewController.swift in Sources */,
				5EC2B88428649B09005ACB95 /* DitailModel.swift in Sources */,
				5E69E82F2859035300146205 /* NetworkManager.swift in Sources */,
				5E69E83B285906FC00146205 /* DeteilsViewPresentor.swift in Sources */,
				5EF9B8C52859241E00911484 /* RMErrors.swift in Sources */,
				5E69E82028589BE500146205 /* RMEmptyStateView.swift in Sources */,
				5E69E8342859050600146205 /* AppCoordinator.swift in Sources */,
				5EF9B8D2285944FC00911484 /* CharacterCell.swift in Sources */,
				5E69E81E2858986E00146205 /* RMDataLoadingVC.swift in Sources */,
				5EF9B8D02859441E00911484 /* UIHelper.swift in Sources */,
				5E69E812285891B300146205 /* RMItemInfoView.swift in Sources */,
				5E69E816285892F600146205 /* Constants.swift in Sources */,
				5E69E80B28588D9E00146205 /* RMBodyLabel.swift in Sources */,
				5EF9B8CE285938B900911484 /* ExtentionViewController.swift in Sources */,
				5E69E832285904E200146205 /* Coordinator.swift in Sources */,
				5E69E7E72858856D00146205 /* AppDelegate.swift in Sources */,
				5E69E819285895C200146205 /* RMButton.swift in Sources */,
				5E69E8362859054A00146205 /* MainCoordinator.swift in Sources */,
				5E69E82D285902E200146205 /* MainViewPresentor.swift in Sources */,
				5E69E7E92858856D00146205 /* SceneDelegate.swift in Sources */,
				5E69E8142858920200146205 /* RMAvatarImageView.swift in Sources */,
				5E69E82A2859019C00146205 /* DitailCharactersVC.swift in Sources */,
			);
			runOnlyForDeploymentPostprocessing = 0;
		};
/* End PBXSourcesBuildPhase section */

/* Begin PBXTargetDependency section */
		5E682B972861B3C40091846F /* PBXTargetDependency */ = {
			isa = PBXTargetDependency;
			target = 5E69E7E22858856D00146205 /* RickAndMorty */;
			targetProxy = 5E682B962861B3C40091846F /* PBXContainerItemProxy */;
		};
/* End PBXTargetDependency section */

/* Begin PBXVariantGroup section */
		5E69E7EC2858856D00146205 /* Main.storyboard */ = {
			isa = PBXVariantGroup;
			children = (
				5E69E7ED2858856D00146205 /* Base */,
			);
			name = Main.storyboard;
			sourceTree = "<group>";
		};
		5E69E7F12858856E00146205 /* LaunchScreen.storyboard */ = {
			isa = PBXVariantGroup;
			children = (
				5E69E7F22858856E00146205 /* Base */,
			);
			name = LaunchScreen.storyboard;
			sourceTree = "<group>";
		};
/* End PBXVariantGroup section */

/* Begin XCBuildConfiguration section */
		5E682B992861B3C40091846F /* Debug */ = {
			isa = XCBuildConfiguration;
			buildSettings = {
				BUNDLE_LOADER = "$(TEST_HOST)";
				CODE_SIGN_STYLE = Automatic;
				CURRENT_PROJECT_VERSION = 1;
				DEVELOPMENT_TEAM = FZRDJVUSU4;
				GENERATE_INFOPLIST_FILE = YES;
				MARKETING_VERSION = 1.0;
				PRODUCT_BUNDLE_IDENTIFIER = evgenyganusenko.RickAndMortyTests;
				PRODUCT_NAME = "$(TARGET_NAME)";
				SWIFT_EMIT_LOC_STRINGS = NO;
				SWIFT_VERSION = 5.0;
				TARGETED_DEVICE_FAMILY = "1,2";
				TEST_HOST = "$(BUILT_PRODUCTS_DIR)/RickAndMorty.app/RickAndMorty";
			};
			name = Debug;
		};
		5E682B9A2861B3C40091846F /* Release */ = {
			isa = XCBuildConfiguration;
			buildSettings = {
				BUNDLE_LOADER = "$(TEST_HOST)";
				CODE_SIGN_STYLE = Automatic;
				CURRENT_PROJECT_VERSION = 1;
				DEVELOPMENT_TEAM = FZRDJVUSU4;
				GENERATE_INFOPLIST_FILE = YES;
				MARKETING_VERSION = 1.0;
				PRODUCT_BUNDLE_IDENTIFIER = evgenyganusenko.RickAndMortyTests;
				PRODUCT_NAME = "$(TARGET_NAME)";
				SWIFT_EMIT_LOC_STRINGS = NO;
				SWIFT_VERSION = 5.0;
				TARGETED_DEVICE_FAMILY = "1,2";
				TEST_HOST = "$(BUILT_PRODUCTS_DIR)/RickAndMorty.app/RickAndMorty";
			};
			name = Release;
		};
		5E69E7F52858856E00146205 /* Debug */ = {
			isa = XCBuildConfiguration;
			buildSettings = {
				ALWAYS_SEARCH_USER_PATHS = NO;
				CLANG_ANALYZER_NONNULL = YES;
				CLANG_ANALYZER_NUMBER_OBJECT_CONVERSION = YES_AGGRESSIVE;
				CLANG_CXX_LANGUAGE_STANDARD = "gnu++17";
				CLANG_ENABLE_MODULES = YES;
				CLANG_ENABLE_OBJC_ARC = YES;
				CLANG_ENABLE_OBJC_WEAK = YES;
				CLANG_WARN_BLOCK_CAPTURE_AUTORELEASING = YES;
				CLANG_WARN_BOOL_CONVERSION = YES;
				CLANG_WARN_COMMA = YES;
				CLANG_WARN_CONSTANT_CONVERSION = YES;
				CLANG_WARN_DEPRECATED_OBJC_IMPLEMENTATIONS = YES;
				CLANG_WARN_DIRECT_OBJC_ISA_USAGE = YES_ERROR;
				CLANG_WARN_DOCUMENTATION_COMMENTS = YES;
				CLANG_WARN_EMPTY_BODY = YES;
				CLANG_WARN_ENUM_CONVERSION = YES;
				CLANG_WARN_INFINITE_RECURSION = YES;
				CLANG_WARN_INT_CONVERSION = YES;
				CLANG_WARN_NON_LITERAL_NULL_CONVERSION = YES;
				CLANG_WARN_OBJC_IMPLICIT_RETAIN_SELF = YES;
				CLANG_WARN_OBJC_LITERAL_CONVERSION = YES;
				CLANG_WARN_OBJC_ROOT_CLASS = YES_ERROR;
				CLANG_WARN_QUOTED_INCLUDE_IN_FRAMEWORK_HEADER = YES;
				CLANG_WARN_RANGE_LOOP_ANALYSIS = YES;
				CLANG_WARN_STRICT_PROTOTYPES = YES;
				CLANG_WARN_SUSPICIOUS_MOVE = YES;
				CLANG_WARN_UNGUARDED_AVAILABILITY = YES_AGGRESSIVE;
				CLANG_WARN_UNREACHABLE_CODE = YES;
				CLANG_WARN__DUPLICATE_METHOD_MATCH = YES;
				COPY_PHASE_STRIP = NO;
				DEBUG_INFORMATION_FORMAT = dwarf;
				ENABLE_STRICT_OBJC_MSGSEND = YES;
				ENABLE_TESTABILITY = YES;
				GCC_C_LANGUAGE_STANDARD = gnu11;
				GCC_DYNAMIC_NO_PIC = NO;
				GCC_NO_COMMON_BLOCKS = YES;
				GCC_OPTIMIZATION_LEVEL = 0;
				GCC_PREPROCESSOR_DEFINITIONS = (
					"DEBUG=1",
					"$(inherited)",
				);
				GCC_WARN_64_TO_32_BIT_CONVERSION = YES;
				GCC_WARN_ABOUT_RETURN_TYPE = YES_ERROR;
				GCC_WARN_UNDECLARED_SELECTOR = YES;
				GCC_WARN_UNINITIALIZED_AUTOS = YES_AGGRESSIVE;
				GCC_WARN_UNUSED_FUNCTION = YES;
				GCC_WARN_UNUSED_VARIABLE = YES;
				IPHONEOS_DEPLOYMENT_TARGET = 15.5;
				MTL_ENABLE_DEBUG_INFO = INCLUDE_SOURCE;
				MTL_FAST_MATH = YES;
				ONLY_ACTIVE_ARCH = YES;
				SDKROOT = iphoneos;
				SWIFT_ACTIVE_COMPILATION_CONDITIONS = DEBUG;
				SWIFT_OPTIMIZATION_LEVEL = "-Onone";
			};
			name = Debug;
		};
		5E69E7F62858856E00146205 /* Release */ = {
			isa = XCBuildConfiguration;
			buildSettings = {
				ALWAYS_SEARCH_USER_PATHS = NO;
				CLANG_ANALYZER_NONNULL = YES;
				CLANG_ANALYZER_NUMBER_OBJECT_CONVERSION = YES_AGGRESSIVE;
				CLANG_CXX_LANGUAGE_STANDARD = "gnu++17";
				CLANG_ENABLE_MODULES = YES;
				CLANG_ENABLE_OBJC_ARC = YES;
				CLANG_ENABLE_OBJC_WEAK = YES;
				CLANG_WARN_BLOCK_CAPTURE_AUTORELEASING = YES;
				CLANG_WARN_BOOL_CONVERSION = YES;
				CLANG_WARN_COMMA = YES;
				CLANG_WARN_CONSTANT_CONVERSION = YES;
				CLANG_WARN_DEPRECATED_OBJC_IMPLEMENTATIONS = YES;
				CLANG_WARN_DIRECT_OBJC_ISA_USAGE = YES_ERROR;
				CLANG_WARN_DOCUMENTATION_COMMENTS = YES;
				CLANG_WARN_EMPTY_BODY = YES;
				CLANG_WARN_ENUM_CONVERSION = YES;
				CLANG_WARN_INFINITE_RECURSION = YES;
				CLANG_WARN_INT_CONVERSION = YES;
				CLANG_WARN_NON_LITERAL_NULL_CONVERSION = YES;
				CLANG_WARN_OBJC_IMPLICIT_RETAIN_SELF = YES;
				CLANG_WARN_OBJC_LITERAL_CONVERSION = YES;
				CLANG_WARN_OBJC_ROOT_CLASS = YES_ERROR;
				CLANG_WARN_QUOTED_INCLUDE_IN_FRAMEWORK_HEADER = YES;
				CLANG_WARN_RANGE_LOOP_ANALYSIS = YES;
				CLANG_WARN_STRICT_PROTOTYPES = YES;
				CLANG_WARN_SUSPICIOUS_MOVE = YES;
				CLANG_WARN_UNGUARDED_AVAILABILITY = YES_AGGRESSIVE;
				CLANG_WARN_UNREACHABLE_CODE = YES;
				CLANG_WARN__DUPLICATE_METHOD_MATCH = YES;
				COPY_PHASE_STRIP = NO;
				DEBUG_INFORMATION_FORMAT = "dwarf-with-dsym";
				ENABLE_NS_ASSERTIONS = NO;
				ENABLE_STRICT_OBJC_MSGSEND = YES;
				GCC_C_LANGUAGE_STANDARD = gnu11;
				GCC_NO_COMMON_BLOCKS = YES;
				GCC_WARN_64_TO_32_BIT_CONVERSION = YES;
				GCC_WARN_ABOUT_RETURN_TYPE = YES_ERROR;
				GCC_WARN_UNDECLARED_SELECTOR = YES;
				GCC_WARN_UNINITIALIZED_AUTOS = YES_AGGRESSIVE;
				GCC_WARN_UNUSED_FUNCTION = YES;
				GCC_WARN_UNUSED_VARIABLE = YES;
				IPHONEOS_DEPLOYMENT_TARGET = 15.5;
				MTL_ENABLE_DEBUG_INFO = NO;
				MTL_FAST_MATH = YES;
				SDKROOT = iphoneos;
				SWIFT_COMPILATION_MODE = wholemodule;
				SWIFT_OPTIMIZATION_LEVEL = "-O";
				VALIDATE_PRODUCT = YES;
			};
			name = Release;
		};
		5E69E7F82858856E00146205 /* Debug */ = {
			isa = XCBuildConfiguration;
			buildSettings = {
				ASSETCATALOG_COMPILER_APPICON_NAME = AppIcon;
				ASSETCATALOG_COMPILER_GLOBAL_ACCENT_COLOR_NAME = AccentColor;
				CODE_SIGN_STYLE = Automatic;
				CURRENT_PROJECT_VERSION = 1;
				DEVELOPMENT_TEAM = FZRDJVUSU4;
				GENERATE_INFOPLIST_FILE = YES;
				INFOPLIST_FILE = RickAndMorty/Info.plist;
				INFOPLIST_KEY_UIApplicationSupportsIndirectInputEvents = YES;
				INFOPLIST_KEY_UILaunchStoryboardName = LaunchScreen;
				INFOPLIST_KEY_UISupportedInterfaceOrientations_iPad = "UIInterfaceOrientationPortrait UIInterfaceOrientationPortraitUpsideDown UIInterfaceOrientationLandscapeLeft UIInterfaceOrientationLandscapeRight";
				INFOPLIST_KEY_UISupportedInterfaceOrientations_iPhone = "UIInterfaceOrientationPortrait UIInterfaceOrientationLandscapeLeft UIInterfaceOrientationLandscapeRight";
				IPHONEOS_DEPLOYMENT_TARGET = 13.0;
				LD_RUNPATH_SEARCH_PATHS = (
					"$(inherited)",
					"@executable_path/Frameworks",
				);
				MARKETING_VERSION = 1.0;
				PRODUCT_BUNDLE_IDENTIFIER = evgenyganusenko.RickAndMorty;
				PRODUCT_NAME = "$(TARGET_NAME)";
				SWIFT_EMIT_LOC_STRINGS = YES;
				SWIFT_VERSION = 5.0;
				TARGETED_DEVICE_FAMILY = "1,2";
			};
			name = Debug;
		};
		5E69E7F92858856E00146205 /* Release */ = {
			isa = XCBuildConfiguration;
			buildSettings = {
				ASSETCATALOG_COMPILER_APPICON_NAME = AppIcon;
				ASSETCATALOG_COMPILER_GLOBAL_ACCENT_COLOR_NAME = AccentColor;
				CODE_SIGN_STYLE = Automatic;
				CURRENT_PROJECT_VERSION = 1;
				DEVELOPMENT_TEAM = FZRDJVUSU4;
				GENERATE_INFOPLIST_FILE = YES;
				INFOPLIST_FILE = RickAndMorty/Info.plist;
				INFOPLIST_KEY_UIApplicationSupportsIndirectInputEvents = YES;
				INFOPLIST_KEY_UILaunchStoryboardName = LaunchScreen;
				INFOPLIST_KEY_UISupportedInterfaceOrientations_iPad = "UIInterfaceOrientationPortrait UIInterfaceOrientationPortraitUpsideDown UIInterfaceOrientationLandscapeLeft UIInterfaceOrientationLandscapeRight";
				INFOPLIST_KEY_UISupportedInterfaceOrientations_iPhone = "UIInterfaceOrientationPortrait UIInterfaceOrientationLandscapeLeft UIInterfaceOrientationLandscapeRight";
				IPHONEOS_DEPLOYMENT_TARGET = 13.0;
				LD_RUNPATH_SEARCH_PATHS = (
					"$(inherited)",
					"@executable_path/Frameworks",
				);
				MARKETING_VERSION = 1.0;
				PRODUCT_BUNDLE_IDENTIFIER = evgenyganusenko.RickAndMorty;
				PRODUCT_NAME = "$(TARGET_NAME)";
				SWIFT_EMIT_LOC_STRINGS = YES;
				SWIFT_VERSION = 5.0;
				TARGETED_DEVICE_FAMILY = "1,2";
			};
			name = Release;
		};
/* End XCBuildConfiguration section */

/* Begin XCConfigurationList section */
		5E682B982861B3C40091846F /* Build configuration list for PBXNativeTarget "RickAndMortyTests" */ = {
			isa = XCConfigurationList;
			buildConfigurations = (
				5E682B992861B3C40091846F /* Debug */,
				5E682B9A2861B3C40091846F /* Release */,
			);
			defaultConfigurationIsVisible = 0;
			defaultConfigurationName = Release;
		};
		5E69E7DE2858856D00146205 /* Build configuration list for PBXProject "RickAndMorty" */ = {
			isa = XCConfigurationList;
			buildConfigurations = (
				5E69E7F52858856E00146205 /* Debug */,
				5E69E7F62858856E00146205 /* Release */,
			);
			defaultConfigurationIsVisible = 0;
			defaultConfigurationName = Release;
		};
		5E69E7F72858856E00146205 /* Build configuration list for PBXNativeTarget "RickAndMorty" */ = {
			isa = XCConfigurationList;
			buildConfigurations = (
				5E69E7F82858856E00146205 /* Debug */,
				5E69E7F92858856E00146205 /* Release */,
			);
			defaultConfigurationIsVisible = 0;
			defaultConfigurationName = Release;
		};
/* End XCConfigurationList section */
	};
	rootObject = 5E69E7DB2858856D00146205 /* Project object */;
}
